
Microsoft Visual Studio Solution File, Format Version 12.00
# Visual Studio 2012
Project("{FAE04EC0-301F-11D3-BF4B-00C04F79EFBC}") = "ImageProcessing", "ImageProcessing\ImageProcessing.csproj", "{7DBAC362-6FD8-4425-B8E0-A5F679D8F2DC}"
EndProject
Project("{FAE04EC0-301F-11D3-BF4B-00C04F79EFBC}") = "ImageProcessingTest", "UnitTestProject1\ImageProcessingTest.csproj", "{0E58C36D-BDFF-45C9-89D3-CE145F4E522C}"
EndProject
Global
	GlobalSection(SolutionConfigurationPlatforms) = preSolution
		Debug|Any CPU = Debug|Any CPU
		Release|Any CPU = Release|Any CPU
	EndGlobalSection
	GlobalSection(ProjectConfigurationPlatforms) = postSolution
		{7DBAC362-6FD8-4425-B8E0-A5F679D8F2DC}.Debug|Any CPU.ActiveCfg = Debug|Any CPU
		{7DBAC362-6FD8-4425-B8E0-A5F679D8F2DC}.Debug|Any CPU.Build.0 = Debug|Any CPU
		{7DBAC362-6FD8-4425-B8E0-A5F679D8F2DC}.Release|Any CPU.ActiveCfg = Release|Any CPU
		{7DBAC362-6FD8-4425-B8E0-A5F679D8F2DC}.Release|Any CPU.Build.0 = Release|Any CPU
		{0E58C36D-BDFF-45C9-89D3-CE145F4E522C}.Debug|Any CPU.ActiveCfg = Debug|Any CPU
		{0E58C36D-BDFF-45C9-89D3-CE145F4E522C}.Debug|Any CPU.Build.0 = Debug|Any CPU
		{0E58C36D-BDFF-45C9-89D3-CE145F4E522C}.Release|Any CPU.ActiveCfg = Release|Any CPU
		{0E58C36D-BDFF-45C9-89D3-CE145F4E522C}.Release|Any CPU.Build.0 = Release|Any CPU
	EndGlobalSection
	GlobalSection(SolutionProperties) = preSolution
		HideSolutionNode = FALSE
	EndGlobalSection
	GlobalSection(Performance) = preSolution
		HasPerformanceSessions = true
	EndGlobalSection
EndGlobal
